
Microsoft Visual Studio Solution File, Format Version 12.00
# Visual Studio Version 16
VisualStudioVersion = 16.0.29519.181
MinimumVisualStudioVersion = 10.0.40219.1
Project("{FAE04EC0-301F-11D3-BF4B-00C04F79EFBC}") = "PictureBot", "PictureBot.csproj", "{9EFD4E7B-A2CB-4534-A8DC-61298D8E1770}"
EndProject
Global
	GlobalSection(SolutionConfigurationPlatforms) = preSolution
		Debug|Any CPU = Debug|Any CPU
		Release|Any CPU = Release|Any CPU
	EndGlobalSection
	GlobalSection(ProjectConfigurationPlatforms) = postSolution
		{9EFD4E7B-A2CB-4534-A8DC-61298D8E1770}.Debug|Any CPU.ActiveCfg = Debug|Any CPU
		{9EFD4E7B-A2CB-4534-A8DC-61298D8E1770}.Debug|Any CPU.Build.0 = Debug|Any CPU
		{9EFD4E7B-A2CB-4534-A8DC-61298D8E1770}.Release|Any CPU.ActiveCfg = Release|Any CPU
		{9EFD4E7B-A2CB-4534-A8DC-61298D8E1770}.Release|Any CPU.Build.0 = Release|Any CPU
	EndGlobalSection
	GlobalSection(SolutionProperties) = preSolution
		HideSolutionNode = FALSE
	EndGlobalSection
	GlobalSection(ExtensibilityGlobals) = postSolution
		SolutionGuid = {AD733C22-FCFF-4F8A-BAD6-336CF73EA955}
	EndGlobalSection
EndGlobal
